
Microsoft Visual Studio Solution File, Format Version 12.00
# Visual Studio 15
VisualStudioVersion = 15.0.28010.2003
MinimumVisualStudioVersion = 10.0.40219.1
Project("{FAE04EC0-301F-11D3-BF4B-00C04F79EFBC}") = "wpf_MVVM_EntityFramework", "wpf_MVVM_EntityFramework\wpf_MVVM_EntityFramework.csproj", "{76ADB8DB-9054-4A94-A383-AD817B52F379}"
EndProject
Project("{FAE04EC0-301F-11D3-BF4B-00C04F79EFBC}") = "BE", "BE\BE.csproj", "{73A46C3C-76C9-4FA8-9F2E-1A99F58001F4}"
EndProject
Project("{FAE04EC0-301F-11D3-BF4B-00C04F79EFBC}") = "BL", "BL\BL.csproj", "{1EFE37CB-EBA3-42BE-87B3-B992F68F0D5D}"
EndProject
Project("{FAE04EC0-301F-11D3-BF4B-00C04F79EFBC}") = "DAL", "DAL\DAL.csproj", "{D6FC35E7-1231-4FE5-ADBE-7A35DCC4148C}"
EndProject
Global
	GlobalSection(SolutionConfigurationPlatforms) = preSolution
		Debug|Any CPU = Debug|Any CPU
		Release|Any CPU = Release|Any CPU
	EndGlobalSection
	GlobalSection(ProjectConfigurationPlatforms) = postSolution
		{76ADB8DB-9054-4A94-A383-AD817B52F379}.Debug|Any CPU.ActiveCfg = Debug|Any CPU
		{76ADB8DB-9054-4A94-A383-AD817B52F379}.Debug|Any CPU.Build.0 = Debug|Any CPU
		{76ADB8DB-9054-4A94-A383-AD817B52F379}.Release|Any CPU.ActiveCfg = Release|Any CPU
		{76ADB8DB-9054-4A94-A383-AD817B52F379}.Release|Any CPU.Build.0 = Release|Any CPU
		{73A46C3C-76C9-4FA8-9F2E-1A99F58001F4}.Debug|Any CPU.ActiveCfg = Debug|Any CPU
		{73A46C3C-76C9-4FA8-9F2E-1A99F58001F4}.Debug|Any CPU.Build.0 = Debug|Any CPU
		{73A46C3C-76C9-4FA8-9F2E-1A99F58001F4}.Release|Any CPU.ActiveCfg = Release|Any CPU
		{73A46C3C-76C9-4FA8-9F2E-1A99F58001F4}.Release|Any CPU.Build.0 = Release|Any CPU
		{1EFE37CB-EBA3-42BE-87B3-B992F68F0D5D}.Debug|Any CPU.ActiveCfg = Debug|Any CPU
		{1EFE37CB-EBA3-42BE-87B3-B992F68F0D5D}.Debug|Any CPU.Build.0 = Debug|Any CPU
		{1EFE37CB-EBA3-42BE-87B3-B992F68F0D5D}.Release|Any CPU.ActiveCfg = Release|Any CPU
		{1EFE37CB-EBA3-42BE-87B3-B992F68F0D5D}.Release|Any CPU.Build.0 = Release|Any CPU
		{D6FC35E7-1231-4FE5-ADBE-7A35DCC4148C}.Debug|Any CPU.ActiveCfg = Debug|Any CPU
		{D6FC35E7-1231-4FE5-ADBE-7A35DCC4148C}.Debug|Any CPU.Build.0 = Debug|Any CPU
		{D6FC35E7-1231-4FE5-ADBE-7A35DCC4148C}.Release|Any CPU.ActiveCfg = Release|Any CPU
		{D6FC35E7-1231-4FE5-ADBE-7A35DCC4148C}.Release|Any CPU.Build.0 = Release|Any CPU
	EndGlobalSection
	GlobalSection(SolutionProperties) = preSolution
		HideSolutionNode = FALSE
	EndGlobalSection
	GlobalSection(ExtensibilityGlobals) = postSolution
		SolutionGuid = {E626DF6D-403B-4A8D-A200-2F498E2BBEDF}
	EndGlobalSection
EndGlobal
